
Microsoft Visual Studio Solution File, Format Version 12.00
# Visual Studio Version 16
VisualStudioVersion = 16.0.31112.23
MinimumVisualStudioVersion = 10.0.40219.1
Project("{FAE04EC0-301F-11D3-BF4B-00C04F79EFBC}") = "Nbt", "Nbt\Nbt.csproj", "{3F504AAE-08AC-44A2-9770-2C52EBD088DC}"
EndProject
Project("{FAE04EC0-301F-11D3-BF4B-00C04F79EFBC}") = "Nbt.Tests", "Nbt.Tests\Nbt.Tests.csproj", "{FF3C6925-009A-4FE0-A7E8-0521F9E1E6B7}"
EndProject
Global
	GlobalSection(SolutionConfigurationPlatforms) = preSolution
		Debug|Any CPU = Debug|Any CPU
		Release|Any CPU = Release|Any CPU
	EndGlobalSection
	GlobalSection(ProjectConfigurationPlatforms) = postSolution
		{3F504AAE-08AC-44A2-9770-2C52EBD088DC}.Debug|Any CPU.ActiveCfg = Debug|Any CPU
		{3F504AAE-08AC-44A2-9770-2C52EBD088DC}.Debug|Any CPU.Build.0 = Debug|Any CPU
		{3F504AAE-08AC-44A2-9770-2C52EBD088DC}.Release|Any CPU.ActiveCfg = Release|Any CPU
		{3F504AAE-08AC-44A2-9770-2C52EBD088DC}.Release|Any CPU.Build.0 = Release|Any CPU
		{FF3C6925-009A-4FE0-A7E8-0521F9E1E6B7}.Debug|Any CPU.ActiveCfg = Debug|Any CPU
		{FF3C6925-009A-4FE0-A7E8-0521F9E1E6B7}.Debug|Any CPU.Build.0 = Debug|Any CPU
		{FF3C6925-009A-4FE0-A7E8-0521F9E1E6B7}.Release|Any CPU.ActiveCfg = Release|Any CPU
		{FF3C6925-009A-4FE0-A7E8-0521F9E1E6B7}.Release|Any CPU.Build.0 = Release|Any CPU
	EndGlobalSection
	GlobalSection(SolutionProperties) = preSolution
		HideSolutionNode = FALSE
	EndGlobalSection
	GlobalSection(ExtensibilityGlobals) = postSolution
		SolutionGuid = {BB5C7FBD-6EBD-4772-8523-D6B7ACC58229}
	EndGlobalSection
EndGlobal
